// !$*UTF8*$!
{
	archiveVersion = 1;
	classes = {
	};
	objectVersion = 55;
	objects = {

/* Begin PBXBuildFile section */
		5C97E4A327536E6C0088D2EC /* HomeAppApp.swift in Sources */ = {isa = PBXBuildFile; fileRef = 5C97E49327536E670088D2EC /* HomeAppApp.swift */; };
		5C97E4A427536E6C0088D2EC /* HomeAppApp.swift in Sources */ = {isa = PBXBuildFile; fileRef = 5C97E49327536E670088D2EC /* HomeAppApp.swift */; };
		5C97E4A527536E6C0088D2EC /* ContentView.swift in Sources */ = {isa = PBXBuildFile; fileRef = 5C97E49427536E670088D2EC /* ContentView.swift */; };
		5C97E4A627536E6C0088D2EC /* ContentView.swift in Sources */ = {isa = PBXBuildFile; fileRef = 5C97E49427536E670088D2EC /* ContentView.swift */; };
		5C97E4A727536E6C0088D2EC /* Assets.xcassets in Resources */ = {isa = PBXBuildFile; fileRef = 5C97E49527536E6C0088D2EC /* Assets.xcassets */; };
		5C97E4A827536E6C0088D2EC /* Assets.xcassets in Resources */ = {isa = PBXBuildFile; fileRef = 5C97E49527536E6C0088D2EC /* Assets.xcassets */; };
		5C97E4B227536F060088D2EC /* NavigationView.swift in Sources */ = {isa = PBXBuildFile; fileRef = 5C97E4B127536F060088D2EC /* NavigationView.swift */; };
		5C97E4B327536F060088D2EC /* NavigationView.swift in Sources */ = {isa = PBXBuildFile; fileRef = 5C97E4B127536F060088D2EC /* NavigationView.swift */; };
		5C97E4B72753840F0088D2EC /* PlayfairDisplay-Italic-VariableFont_wght.ttf in Resources */ = {isa = PBXBuildFile; fileRef = 5C97E4B52753840E0088D2EC /* PlayfairDisplay-Italic-VariableFont_wght.ttf */; };
		5C97E4B82753840F0088D2EC /* PlayfairDisplay-Italic-VariableFont_wght.ttf in Resources */ = {isa = PBXBuildFile; fileRef = 5C97E4B52753840E0088D2EC /* PlayfairDisplay-Italic-VariableFont_wght.ttf */; };
		5C97E4B92753840F0088D2EC /* PlayfairDisplay-VariableFont_wght.ttf in Resources */ = {isa = PBXBuildFile; fileRef = 5C97E4B62753840E0088D2EC /* PlayfairDisplay-VariableFont_wght.ttf */; };
		5C97E4BA2753840F0088D2EC /* PlayfairDisplay-VariableFont_wght.ttf in Resources */ = {isa = PBXBuildFile; fileRef = 5C97E4B62753840E0088D2EC /* PlayfairDisplay-VariableFont_wght.ttf */; };
		5C97E4C7275384250088D2EC /* PlayfairDisplay-ExtraBold.ttf in Resources */ = {isa = PBXBuildFile; fileRef = 5C97E4BB275384230088D2EC /* PlayfairDisplay-ExtraBold.ttf */; };
		5C97E4C8275384250088D2EC /* PlayfairDisplay-ExtraBold.ttf in Resources */ = {isa = PBXBuildFile; fileRef = 5C97E4BB275384230088D2EC /* PlayfairDisplay-ExtraBold.ttf */; };
		5C97E4C9275384250088D2EC /* PlayfairDisplay-BlackItalic.ttf in Resources */ = {isa = PBXBuildFile; fileRef = 5C97E4BC275384240088D2EC /* PlayfairDisplay-BlackItalic.ttf */; };
		5C97E4CA275384250088D2EC /* PlayfairDisplay-BlackItalic.ttf in Resources */ = {isa = PBXBuildFile; fileRef = 5C97E4BC275384240088D2EC /* PlayfairDisplay-BlackItalic.ttf */; };
		5C97E4CB275384250088D2EC /* PlayfairDisplay-Regular.ttf in Resources */ = {isa = PBXBuildFile; fileRef = 5C97E4BD275384240088D2EC /* PlayfairDisplay-Regular.ttf */; };
		5C97E4CC275384250088D2EC /* PlayfairDisplay-Regular.ttf in Resources */ = {isa = PBXBuildFile; fileRef = 5C97E4BD275384240088D2EC /* PlayfairDisplay-Regular.ttf */; };
		5C97E4CD275384250088D2EC /* PlayfairDisplay-Black.ttf in Resources */ = {isa = PBXBuildFile; fileRef = 5C97E4BE275384240088D2EC /* PlayfairDisplay-Black.ttf */; };
		5C97E4CE275384250088D2EC /* PlayfairDisplay-Black.ttf in Resources */ = {isa = PBXBuildFile; fileRef = 5C97E4BE275384240088D2EC /* PlayfairDisplay-Black.ttf */; };
		5C97E4CF275384250088D2EC /* PlayfairDisplay-BoldItalic.ttf in Resources */ = {isa = PBXBuildFile; fileRef = 5C97E4BF275384240088D2EC /* PlayfairDisplay-BoldItalic.ttf */; };
		5C97E4D0275384250088D2EC /* PlayfairDisplay-BoldItalic.ttf in Resources */ = {isa = PBXBuildFile; fileRef = 5C97E4BF275384240088D2EC /* PlayfairDisplay-BoldItalic.ttf */; };
		5C97E4D1275384250088D2EC /* PlayfairDisplay-Medium.ttf in Resources */ = {isa = PBXBuildFile; fileRef = 5C97E4C0275384240088D2EC /* PlayfairDisplay-Medium.ttf */; };
		5C97E4D2275384250088D2EC /* PlayfairDisplay-Medium.ttf in Resources */ = {isa = PBXBuildFile; fileRef = 5C97E4C0275384240088D2EC /* PlayfairDisplay-Medium.ttf */; };
		5C97E4D3275384250088D2EC /* PlayfairDisplay-Italic.ttf in Resources */ = {isa = PBXBuildFile; fileRef = 5C97E4C1275384240088D2EC /* PlayfairDisplay-Italic.ttf */; };
		5C97E4D4275384250088D2EC /* PlayfairDisplay-Italic.ttf in Resources */ = {isa = PBXBuildFile; fileRef = 5C97E4C1275384240088D2EC /* PlayfairDisplay-Italic.ttf */; };
		5C97E4D5275384250088D2EC /* PlayfairDisplay-SemiBold.ttf in Resources */ = {isa = PBXBuildFile; fileRef = 5C97E4C2275384250088D2EC /* PlayfairDisplay-SemiBold.ttf */; };
		5C97E4D6275384250088D2EC /* PlayfairDisplay-SemiBold.ttf in Resources */ = {isa = PBXBuildFile; fileRef = 5C97E4C2275384250088D2EC /* PlayfairDisplay-SemiBold.ttf */; };
		5C97E4D7275384250088D2EC /* PlayfairDisplay-ExtraBoldItalic.ttf in Resources */ = {isa = PBXBuildFile; fileRef = 5C97E4C3275384250088D2EC /* PlayfairDisplay-ExtraBoldItalic.ttf */; };
		5C97E4D8275384250088D2EC /* PlayfairDisplay-ExtraBoldItalic.ttf in Resources */ = {isa = PBXBuildFile; fileRef = 5C97E4C3275384250088D2EC /* PlayfairDisplay-ExtraBoldItalic.ttf */; };
		5C97E4D9275384250088D2EC /* PlayfairDisplay-SemiBoldItalic.ttf in Resources */ = {isa = PBXBuildFile; fileRef = 5C97E4C4275384250088D2EC /* PlayfairDisplay-SemiBoldItalic.ttf */; };
		5C97E4DA275384250088D2EC /* PlayfairDisplay-SemiBoldItalic.ttf in Resources */ = {isa = PBXBuildFile; fileRef = 5C97E4C4275384250088D2EC /* PlayfairDisplay-SemiBoldItalic.ttf */; };
		5C97E4DB275384250088D2EC /* PlayfairDisplay-Bold.ttf in Resources */ = {isa = PBXBuildFile; fileRef = 5C97E4C5275384250088D2EC /* PlayfairDisplay-Bold.ttf */; };
		5C97E4DC275384250088D2EC /* PlayfairDisplay-Bold.ttf in Resources */ = {isa = PBXBuildFile; fileRef = 5C97E4C5275384250088D2EC /* PlayfairDisplay-Bold.ttf */; };
		5C97E4DD275384250088D2EC /* PlayfairDisplay-MediumItalic.ttf in Resources */ = {isa = PBXBuildFile; fileRef = 5C97E4C6275384250088D2EC /* PlayfairDisplay-MediumItalic.ttf */; };
		5C97E4DE275384250088D2EC /* PlayfairDisplay-MediumItalic.ttf in Resources */ = {isa = PBXBuildFile; fileRef = 5C97E4C6275384250088D2EC /* PlayfairDisplay-MediumItalic.ttf */; };
		5C97E4E1275392440088D2EC /* HomeView.swift in Sources */ = {isa = PBXBuildFile; fileRef = 5C97E4E0275392440088D2EC /* HomeView.swift */; };
		5C97E4E2275392440088D2EC /* HomeView.swift in Sources */ = {isa = PBXBuildFile; fileRef = 5C97E4E0275392440088D2EC /* HomeView.swift */; };
/* End PBXBuildFile section */

/* Begin PBXFileReference section */
		5C97E49327536E670088D2EC /* HomeAppApp.swift */ = {isa = PBXFileReference; lastKnownFileType = sourcecode.swift; path = HomeAppApp.swift; sourceTree = "<group>"; };
		5C97E49427536E670088D2EC /* ContentView.swift */ = {isa = PBXFileReference; lastKnownFileType = sourcecode.swift; path = ContentView.swift; sourceTree = "<group>"; };
		5C97E49527536E6C0088D2EC /* Assets.xcassets */ = {isa = PBXFileReference; lastKnownFileType = folder.assetcatalog; path = Assets.xcassets; sourceTree = "<group>"; };
		5C97E49A27536E6C0088D2EC /* HomeApp.app */ = {isa = PBXFileReference; explicitFileType = wrapper.application; includeInIndex = 0; path = HomeApp.app; sourceTree = BUILT_PRODUCTS_DIR; };
		5C97E4A027536E6C0088D2EC /* HomeApp.app */ = {isa = PBXFileReference; explicitFileType = wrapper.application; includeInIndex = 0; path = HomeApp.app; sourceTree = BUILT_PRODUCTS_DIR; };
		5C97E4A227536E6C0088D2EC /* macOS.entitlements */ = {isa = PBXFileReference; lastKnownFileType = text.plist.entitlements; path = macOS.entitlements; sourceTree = "<group>"; };
		5C97E4B127536F060088D2EC /* NavigationView.swift */ = {isa = PBXFileReference; lastKnownFileType = sourcecode.swift; path = NavigationView.swift; sourceTree = "<group>"; };
		5C97E4B52753840E0088D2EC /* PlayfairDisplay-Italic-VariableFont_wght.ttf */ = {isa = PBXFileReference; lastKnownFileType = file; path = "PlayfairDisplay-Italic-VariableFont_wght.ttf"; sourceTree = "<group>"; };
		5C97E4B62753840E0088D2EC /* PlayfairDisplay-VariableFont_wght.ttf */ = {isa = PBXFileReference; lastKnownFileType = file; path = "PlayfairDisplay-VariableFont_wght.ttf"; sourceTree = "<group>"; };
		5C97E4BB275384230088D2EC /* PlayfairDisplay-ExtraBold.ttf */ = {isa = PBXFileReference; lastKnownFileType = file; path = "PlayfairDisplay-ExtraBold.ttf"; sourceTree = "<group>"; };
		5C97E4BC275384240088D2EC /* PlayfairDisplay-BlackItalic.ttf */ = {isa = PBXFileReference; lastKnownFileType = file; path = "PlayfairDisplay-BlackItalic.ttf"; sourceTree = "<group>"; };
		5C97E4BD275384240088D2EC /* PlayfairDisplay-Regular.ttf */ = {isa = PBXFileReference; lastKnownFileType = file; path = "PlayfairDisplay-Regular.ttf"; sourceTree = "<group>"; };
		5C97E4BE275384240088D2EC /* PlayfairDisplay-Black.ttf */ = {isa = PBXFileReference; lastKnownFileType = file; path = "PlayfairDisplay-Black.ttf"; sourceTree = "<group>"; };
		5C97E4BF275384240088D2EC /* PlayfairDisplay-BoldItalic.ttf */ = {isa = PBXFileReference; lastKnownFileType = file; path = "PlayfairDisplay-BoldItalic.ttf"; sourceTree = "<group>"; };
		5C97E4C0275384240088D2EC /* PlayfairDisplay-Medium.ttf */ = {isa = PBXFileReference; lastKnownFileType = file; path = "PlayfairDisplay-Medium.ttf"; sourceTree = "<group>"; };
		5C97E4C1275384240088D2EC /* PlayfairDisplay-Italic.ttf */ = {isa = PBXFileReference; lastKnownFileType = file; path = "PlayfairDisplay-Italic.ttf"; sourceTree = "<group>"; };
		5C97E4C2275384250088D2EC /* PlayfairDisplay-SemiBold.ttf */ = {isa = PBXFileReference; lastKnownFileType = file; path = "PlayfairDisplay-SemiBold.ttf"; sourceTree = "<group>"; };
		5C97E4C3275384250088D2EC /* PlayfairDisplay-ExtraBoldItalic.ttf */ = {isa = PBXFileReference; lastKnownFileType = file; path = "PlayfairDisplay-ExtraBoldItalic.ttf"; sourceTree = "<group>"; };
		5C97E4C4275384250088D2EC /* PlayfairDisplay-SemiBoldItalic.ttf */ = {isa = PBXFileReference; lastKnownFileType = file; path = "PlayfairDisplay-SemiBoldItalic.ttf"; sourceTree = "<group>"; };
		5C97E4C5275384250088D2EC /* PlayfairDisplay-Bold.ttf */ = {isa = PBXFileReference; lastKnownFileType = file; path = "PlayfairDisplay-Bold.ttf"; sourceTree = "<group>"; };
		5C97E4C6275384250088D2EC /* PlayfairDisplay-MediumItalic.ttf */ = {isa = PBXFileReference; lastKnownFileType = file; path = "PlayfairDisplay-MediumItalic.ttf"; sourceTree = "<group>"; };
		5C97E4DF275385680088D2EC /* HomeApp--iOS--Info.plist */ = {isa = PBXFileReference; lastKnownFileType = text.plist; path = "HomeApp--iOS--Info.plist"; sourceTree = "<group>"; };
		5C97E4E0275392440088D2EC /* HomeView.swift */ = {isa = PBXFileReference; lastKnownFileType = sourcecode.swift; path = HomeView.swift; sourceTree = "<group>"; };
/* End PBXFileReference section */

/* Begin PBXFrameworksBuildPhase section */
		5C97E49727536E6C0088D2EC /* Frameworks */ = {
			isa = PBXFrameworksBuildPhase;
			buildActionMask = 2147483647;
			files = (
			);
			runOnlyForDeploymentPostprocessing = 0;
		};
		5C97E49D27536E6C0088D2EC /* Frameworks */ = {
			isa = PBXFrameworksBuildPhase;
			buildActionMask = 2147483647;
			files = (
			);
			runOnlyForDeploymentPostprocessing = 0;
		};
/* End PBXFrameworksBuildPhase section */

/* Begin PBXGroup section */
		5C97E48D27536E670088D2EC = {
			isa = PBXGroup;
			children = (
				5C97E4DF275385680088D2EC /* HomeApp--iOS--Info.plist */,
				5C97E49227536E670088D2EC /* Shared */,
				5C97E4A127536E6C0088D2EC /* macOS */,
				5C97E49B27536E6C0088D2EC /* Products */,
			);
			sourceTree = "<group>";
		};
		5C97E49227536E670088D2EC /* Shared */ = {
			isa = PBXGroup;
			children = (
				5C97E4B4275383EC0088D2EC /* Fonts */,
				5C97E49327536E670088D2EC /* HomeAppApp.swift */,
				5C97E49427536E670088D2EC /* ContentView.swift */,
				5C97E49527536E6C0088D2EC /* Assets.xcassets */,
				5C97E4B127536F060088D2EC /* NavigationView.swift */,
				5C97E4E0275392440088D2EC /* HomeView.swift */,
			);
			path = Shared;
			sourceTree = "<group>";
		};
		5C97E49B27536E6C0088D2EC /* Products */ = {
			isa = PBXGroup;
			children = (
				5C97E49A27536E6C0088D2EC /* HomeApp.app */,
				5C97E4A027536E6C0088D2EC /* HomeApp.app */,
			);
			name = Products;
			sourceTree = "<group>";
		};
		5C97E4A127536E6C0088D2EC /* macOS */ = {
			isa = PBXGroup;
			children = (
				5C97E4A227536E6C0088D2EC /* macOS.entitlements */,
			);
			path = macOS;
			sourceTree = "<group>";
		};
		5C97E4B4275383EC0088D2EC /* Fonts */ = {
			isa = PBXGroup;
			children = (
				5C97E4BE275384240088D2EC /* PlayfairDisplay-Black.ttf */,
				5C97E4BC275384240088D2EC /* PlayfairDisplay-BlackItalic.ttf */,
				5C97E4C5275384250088D2EC /* PlayfairDisplay-Bold.ttf */,
				5C97E4BF275384240088D2EC /* PlayfairDisplay-BoldItalic.ttf */,
				5C97E4BB275384230088D2EC /* PlayfairDisplay-ExtraBold.ttf */,
				5C97E4C3275384250088D2EC /* PlayfairDisplay-ExtraBoldItalic.ttf */,
				5C97E4C1275384240088D2EC /* PlayfairDisplay-Italic.ttf */,
				5C97E4C0275384240088D2EC /* PlayfairDisplay-Medium.ttf */,
				5C97E4C6275384250088D2EC /* PlayfairDisplay-MediumItalic.ttf */,
				5C97E4BD275384240088D2EC /* PlayfairDisplay-Regular.ttf */,
				5C97E4C2275384250088D2EC /* PlayfairDisplay-SemiBold.ttf */,
				5C97E4C4275384250088D2EC /* PlayfairDisplay-SemiBoldItalic.ttf */,
				5C97E4B52753840E0088D2EC /* PlayfairDisplay-Italic-VariableFont_wght.ttf */,
				5C97E4B62753840E0088D2EC /* PlayfairDisplay-VariableFont_wght.ttf */,
			);
			path = Fonts;
			sourceTree = "<group>";
		};
/* End PBXGroup section */

/* Begin PBXNativeTarget section */
		5C97E49927536E6C0088D2EC /* HomeApp (iOS) */ = {
			isa = PBXNativeTarget;
			buildConfigurationList = 5C97E4AB27536E6C0088D2EC /* Build configuration list for PBXNativeTarget "HomeApp (iOS)" */;
			buildPhases = (
				5C97E49627536E6C0088D2EC /* Sources */,
				5C97E49727536E6C0088D2EC /* Frameworks */,
				5C97E49827536E6C0088D2EC /* Resources */,
			);
			buildRules = (
			);
			dependencies = (
			);
			name = "HomeApp (iOS)";
			productName = "HomeApp (iOS)";
			productReference = 5C97E49A27536E6C0088D2EC /* HomeApp.app */;
			productType = "com.apple.product-type.application";
		};
		5C97E49F27536E6C0088D2EC /* HomeApp (macOS) */ = {
			isa = PBXNativeTarget;
			buildConfigurationList = 5C97E4AE27536E6C0088D2EC /* Build configuration list for PBXNativeTarget "HomeApp (macOS)" */;
			buildPhases = (
				5C97E49C27536E6C0088D2EC /* Sources */,
				5C97E49D27536E6C0088D2EC /* Frameworks */,
				5C97E49E27536E6C0088D2EC /* Resources */,
			);
			buildRules = (
			);
			dependencies = (
			);
			name = "HomeApp (macOS)";
			productName = "HomeApp (macOS)";
			productReference = 5C97E4A027536E6C0088D2EC /* HomeApp.app */;
			productType = "com.apple.product-type.application";
		};
/* End PBXNativeTarget section */

/* Begin PBXProject section */
		5C97E48E27536E670088D2EC /* Project object */ = {
			isa = PBXProject;
			attributes = {
				BuildIndependentTargetsInParallel = 1;
				LastSwiftUpdateCheck = 1300;
				LastUpgradeCheck = 1300;
				TargetAttributes = {
					5C97E49927536E6C0088D2EC = {
						CreatedOnToolsVersion = 13.0;
					};
					5C97E49F27536E6C0088D2EC = {
						CreatedOnToolsVersion = 13.0;
					};
				};
			};
			buildConfigurationList = 5C97E49127536E670088D2EC /* Build configuration list for PBXProject "HomeApp" */;
			compatibilityVersion = "Xcode 13.0";
			developmentRegion = en;
			hasScannedForEncodings = 0;
			knownRegions = (
				en,
				Base,
			);
			mainGroup = 5C97E48D27536E670088D2EC;
			productRefGroup = 5C97E49B27536E6C0088D2EC /* Products */;
			projectDirPath = "";
			projectRoot = "";
			targets = (
				5C97E49927536E6C0088D2EC /* HomeApp (iOS) */,
				5C97E49F27536E6C0088D2EC /* HomeApp (macOS) */,
			);
		};
/* End PBXProject section */

/* Begin PBXResourcesBuildPhase section */
		5C97E49827536E6C0088D2EC /* Resources */ = {
			isa = PBXResourcesBuildPhase;
			buildActionMask = 2147483647;
			files = (
				5C97E4B72753840F0088D2EC /* PlayfairDisplay-Italic-VariableFont_wght.ttf in Resources */,
				5C97E4CD275384250088D2EC /* PlayfairDisplay-Black.ttf in Resources */,
				5C97E4C9275384250088D2EC /* PlayfairDisplay-BlackItalic.ttf in Resources */,
				5C97E4CB275384250088D2EC /* PlayfairDisplay-Regular.ttf in Resources */,
				5C97E4D1275384250088D2EC /* PlayfairDisplay-Medium.ttf in Resources */,
				5C97E4D9275384250088D2EC /* PlayfairDisplay-SemiBoldItalic.ttf in Resources */,
				5C97E4D7275384250088D2EC /* PlayfairDisplay-ExtraBoldItalic.ttf in Resources */,
				5C97E4D3275384250088D2EC /* PlayfairDisplay-Italic.ttf in Resources */,
				5C97E4DB275384250088D2EC /* PlayfairDisplay-Bold.ttf in Resources */,
				5C97E4CF275384250088D2EC /* PlayfairDisplay-BoldItalic.ttf in Resources */,
				5C97E4D5275384250088D2EC /* PlayfairDisplay-SemiBold.ttf in Resources */,
				5C97E4C7275384250088D2EC /* PlayfairDisplay-ExtraBold.ttf in Resources */,
				5C97E4DD275384250088D2EC /* PlayfairDisplay-MediumItalic.ttf in Resources */,
				5C97E4B92753840F0088D2EC /* PlayfairDisplay-VariableFont_wght.ttf in Resources */,
				5C97E4A727536E6C0088D2EC /* Assets.xcassets in Resources */,
			);
			runOnlyForDeploymentPostprocessing = 0;
		};
		5C97E49E27536E6C0088D2EC /* Resources */ = {
			isa = PBXResourcesBuildPhase;
			buildActionMask = 2147483647;
			files = (
				5C97E4B82753840F0088D2EC /* PlayfairDisplay-Italic-VariableFont_wght.ttf in Resources */,
				5C97E4CE275384250088D2EC /* PlayfairDisplay-Black.ttf in Resources */,
				5C97E4CA275384250088D2EC /* PlayfairDisplay-BlackItalic.ttf in Resources */,
				5C97E4CC275384250088D2EC /* PlayfairDisplay-Regular.ttf in Resources */,
				5C97E4D2275384250088D2EC /* PlayfairDisplay-Medium.ttf in Resources */,
				5C97E4DA275384250088D2EC /* PlayfairDisplay-SemiBoldItalic.ttf in Resources */,
				5C97E4D8275384250088D2EC /* PlayfairDisplay-ExtraBoldItalic.ttf in Resources */,
				5C97E4D4275384250088D2EC /* PlayfairDisplay-Italic.ttf in Resources */,
				5C97E4DC275384250088D2EC /* PlayfairDisplay-Bold.ttf in Resources */,
				5C97E4D0275384250088D2EC /* PlayfairDisplay-BoldItalic.ttf in Resources */,
				5C97E4D6275384250088D2EC /* PlayfairDisplay-SemiBold.ttf in Resources */,
				5C97E4C8275384250088D2EC /* PlayfairDisplay-ExtraBold.ttf in Resources */,
				5C97E4DE275384250088D2EC /* PlayfairDisplay-MediumItalic.ttf in Resources */,
				5C97E4BA2753840F0088D2EC /* PlayfairDisplay-VariableFont_wght.ttf in Resources */,
				5C97E4A827536E6C0088D2EC /* Assets.xcassets in Resources */,
			);
			runOnlyForDeploymentPostprocessing = 0;
		};
/* End PBXResourcesBuildPhase section */

/* Begin PBXSourcesBuildPhase section */
		5C97E49627536E6C0088D2EC /* Sources */ = {
			isa = PBXSourcesBuildPhase;
			buildActionMask = 2147483647;
			files = (
				5C97E4A527536E6C0088D2EC /* ContentView.swift in Sources */,
				5C97E4E1275392440088D2EC /* HomeView.swift in Sources */,
				5C97E4B227536F060088D2EC /* NavigationView.swift in Sources */,
				5C97E4A327536E6C0088D2EC /* HomeAppApp.swift in Sources */,
			);
			runOnlyForDeploymentPostprocessing = 0;
		};
		5C97E49C27536E6C0088D2EC /* Sources */ = {
			isa = PBXSourcesBuildPhase;
			buildActionMask = 2147483647;
			files = (
				5C97E4A627536E6C0088D2EC /* ContentView.swift in Sources */,
				5C97E4E2275392440088D2EC /* HomeView.swift in Sources */,
				5C97E4B327536F060088D2EC /* NavigationView.swift in Sources */,
				5C97E4A427536E6C0088D2EC /* HomeAppApp.swift in Sources */,
			);
			runOnlyForDeploymentPostprocessing = 0;
		};
/* End PBXSourcesBuildPhase section */

/* Begin XCBuildConfiguration section */
		5C97E4A927536E6C0088D2EC /* Debug */ = {
			isa = XCBuildConfiguration;
			buildSettings = {
				ALWAYS_SEARCH_USER_PATHS = NO;
				CLANG_ANALYZER_NONNULL = YES;
				CLANG_ANALYZER_NUMBER_OBJECT_CONVERSION = YES_AGGRESSIVE;
				CLANG_CXX_LANGUAGE_STANDARD = "gnu++17";
				CLANG_CXX_LIBRARY = "libc++";
				CLANG_ENABLE_MODULES = YES;
				CLANG_ENABLE_OBJC_ARC = YES;
				CLANG_ENABLE_OBJC_WEAK = YES;
				CLANG_WARN_BLOCK_CAPTURE_AUTORELEASING = YES;
				CLANG_WARN_BOOL_CONVERSION = YES;
				CLANG_WARN_COMMA = YES;
				CLANG_WARN_CONSTANT_CONVERSION = YES;
				CLANG_WARN_DEPRECATED_OBJC_IMPLEMENTATIONS = YES;
				CLANG_WARN_DIRECT_OBJC_ISA_USAGE = YES_ERROR;
				CLANG_WARN_DOCUMENTATION_COMMENTS = YES;
				CLANG_WARN_EMPTY_BODY = YES;
				CLANG_WARN_ENUM_CONVERSION = YES;
				CLANG_WARN_INFINITE_RECURSION = YES;
				CLANG_WARN_INT_CONVERSION = YES;
				CLANG_WARN_NON_LITERAL_NULL_CONVERSION = YES;
				CLANG_WARN_OBJC_IMPLICIT_RETAIN_SELF = YES;
				CLANG_WARN_OBJC_LITERAL_CONVERSION = YES;
				CLANG_WARN_OBJC_ROOT_CLASS = YES_ERROR;
				CLANG_WARN_QUOTED_INCLUDE_IN_FRAMEWORK_HEADER = YES;
				CLANG_WARN_RANGE_LOOP_ANALYSIS = YES;
				CLANG_WARN_STRICT_PROTOTYPES = YES;
				CLANG_WARN_SUSPICIOUS_MOVE = YES;
				CLANG_WARN_UNGUARDED_AVAILABILITY = YES_AGGRESSIVE;
				CLANG_WARN_UNREACHABLE_CODE = YES;
				CLANG_WARN__DUPLICATE_METHOD_MATCH = YES;
				COPY_PHASE_STRIP = NO;
				DEBUG_INFORMATION_FORMAT = dwarf;
				ENABLE_STRICT_OBJC_MSGSEND = YES;
				ENABLE_TESTABILITY = YES;
				GCC_C_LANGUAGE_STANDARD = gnu11;
				GCC_DYNAMIC_NO_PIC = NO;
				GCC_NO_COMMON_BLOCKS = YES;
				GCC_OPTIMIZATION_LEVEL = 0;
				GCC_PREPROCESSOR_DEFINITIONS = (
					"DEBUG=1",
					"$(inherited)",
				);
				GCC_WARN_64_TO_32_BIT_CONVERSION = YES;
				GCC_WARN_ABOUT_RETURN_TYPE = YES_ERROR;
				GCC_WARN_UNDECLARED_SELECTOR = YES;
				GCC_WARN_UNINITIALIZED_AUTOS = YES_AGGRESSIVE;
				GCC_WARN_UNUSED_FUNCTION = YES;
				GCC_WARN_UNUSED_VARIABLE = YES;
				MTL_ENABLE_DEBUG_INFO = INCLUDE_SOURCE;
				MTL_FAST_MATH = YES;
				ONLY_ACTIVE_ARCH = YES;
				SWIFT_ACTIVE_COMPILATION_CONDITIONS = DEBUG;
				SWIFT_OPTIMIZATION_LEVEL = "-Onone";
			};
			name = Debug;
		};
		5C97E4AA27536E6C0088D2EC /* Release */ = {
			isa = XCBuildConfiguration;
			buildSettings = {
				ALWAYS_SEARCH_USER_PATHS = NO;
				CLANG_ANALYZER_NONNULL = YES;
				CLANG_ANALYZER_NUMBER_OBJECT_CONVERSION = YES_AGGRESSIVE;
				CLANG_CXX_LANGUAGE_STANDARD = "gnu++17";
				CLANG_CXX_LIBRARY = "libc++";
				CLANG_ENABLE_MODULES = YES;
				CLANG_ENABLE_OBJC_ARC = YES;
				CLANG_ENABLE_OBJC_WEAK = YES;
				CLANG_WARN_BLOCK_CAPTURE_AUTORELEASING = YES;
				CLANG_WARN_BOOL_CONVERSION = YES;
				CLANG_WARN_COMMA = YES;
				CLANG_WARN_CONSTANT_CONVERSION = YES;
				CLANG_WARN_DEPRECATED_OBJC_IMPLEMENTATIONS = YES;
				CLANG_WARN_DIRECT_OBJC_ISA_USAGE = YES_ERROR;
				CLANG_WARN_DOCUMENTATION_COMMENTS = YES;
				CLANG_WARN_EMPTY_BODY = YES;
				CLANG_WARN_ENUM_CONVERSION = YES;
				CLANG_WARN_INFINITE_RECURSION = YES;
				CLANG_WARN_INT_CONVERSION = YES;
				CLANG_WARN_NON_LITERAL_NULL_CONVERSION = YES;
				CLANG_WARN_OBJC_IMPLICIT_RETAIN_SELF = YES;
				CLANG_WARN_OBJC_LITERAL_CONVERSION = YES;
				CLANG_WARN_OBJC_ROOT_CLASS = YES_ERROR;
				CLANG_WARN_QUOTED_INCLUDE_IN_FRAMEWORK_HEADER = YES;
				CLANG_WARN_RANGE_LOOP_ANALYSIS = YES;
				CLANG_WARN_STRICT_PROTOTYPES = YES;
				CLANG_WARN_SUSPICIOUS_MOVE = YES;
				CLANG_WARN_UNGUARDED_AVAILABILITY = YES_AGGRESSIVE;
				CLANG_WARN_UNREACHABLE_CODE = YES;
				CLANG_WARN__DUPLICATE_METHOD_MATCH = YES;
				COPY_PHASE_STRIP = NO;
				DEBUG_INFORMATION_FORMAT = "dwarf-with-dsym";
				ENABLE_NS_ASSERTIONS = NO;
				ENABLE_STRICT_OBJC_MSGSEND = YES;
				GCC_C_LANGUAGE_STANDARD = gnu11;
				GCC_NO_COMMON_BLOCKS = YES;
				GCC_WARN_64_TO_32_BIT_CONVERSION = YES;
				GCC_WARN_ABOUT_RETURN_TYPE = YES_ERROR;
				GCC_WARN_UNDECLARED_SELECTOR = YES;
				GCC_WARN_UNINITIALIZED_AUTOS = YES_AGGRESSIVE;
				GCC_WARN_UNUSED_FUNCTION = YES;
				GCC_WARN_UNUSED_VARIABLE = YES;
				MTL_ENABLE_DEBUG_INFO = NO;
				MTL_FAST_MATH = YES;
				SWIFT_COMPILATION_MODE = wholemodule;
				SWIFT_OPTIMIZATION_LEVEL = "-O";
			};
			name = Release;
		};
		5C97E4AC27536E6C0088D2EC /* Debug */ = {
			isa = XCBuildConfiguration;
			buildSettings = {
				ASSETCATALOG_COMPILER_APPICON_NAME = AppIcon;
				ASSETCATALOG_COMPILER_GLOBAL_ACCENT_COLOR_NAME = AccentColor;
				CODE_SIGN_STYLE = Automatic;
				CURRENT_PROJECT_VERSION = 1;
				ENABLE_PREVIEWS = YES;
				GENERATE_INFOPLIST_FILE = YES;
				INFOPLIST_FILE = "HomeApp--iOS--Info.plist";
				INFOPLIST_KEY_UIApplicationSceneManifest_Generation = YES;
				INFOPLIST_KEY_UIApplicationSupportsIndirectInputEvents = YES;
				INFOPLIST_KEY_UILaunchScreen_Generation = YES;
				INFOPLIST_KEY_UISupportedInterfaceOrientations_iPad = "UIInterfaceOrientationPortrait UIInterfaceOrientationPortraitUpsideDown UIInterfaceOrientationLandscapeLeft UIInterfaceOrientationLandscapeRight";
				INFOPLIST_KEY_UISupportedInterfaceOrientations_iPhone = "UIInterfaceOrientationPortrait UIInterfaceOrientationLandscapeLeft UIInterfaceOrientationLandscapeRight";
				IPHONEOS_DEPLOYMENT_TARGET = 14.0;
				LD_RUNPATH_SEARCH_PATHS = (
					"$(inherited)",
					"@executable_path/Frameworks",
				);
				MARKETING_VERSION = 1.0;
				PRODUCT_BUNDLE_IDENTIFIER = animationSwiftUI.HomeApp;
				PRODUCT_NAME = HomeApp;
				SDKROOT = iphoneos;
				SWIFT_EMIT_LOC_STRINGS = YES;
				SWIFT_VERSION = 5.0;
				TARGETED_DEVICE_FAMILY = "1,2";
			};
			name = Debug;
		};
		5C97E4AD27536E6C0088D2EC /* Release */ = {
			isa = XCBuildConfiguration;
			buildSettings = {
				ASSETCATALOG_COMPILER_APPICON_NAME = AppIcon;
				ASSETCATALOG_COMPILER_GLOBAL_ACCENT_COLOR_NAME = AccentColor;
				CODE_SIGN_STYLE = Automatic;
				CURRENT_PROJECT_VERSION = 1;
				ENABLE_PREVIEWS = YES;
				GENERATE_INFOPLIST_FILE = YES;
				INFOPLIST_FILE = "HomeApp--iOS--Info.plist";
				INFOPLIST_KEY_UIApplicationSceneManifest_Generation = YES;
				INFOPLIST_KEY_UIApplicationSupportsIndirectInputEvents = YES;
				INFOPLIST_KEY_UILaunchScreen_Generation = YES;
				INFOPLIST_KEY_UISupportedInterfaceOrientations_iPad = "UIInterfaceOrientationPortrait UIInterfaceOrientationPortraitUpsideDown UIInterfaceOrientationLandscapeLeft UIInterfaceOrientationLandscapeRight";
				INFOPLIST_KEY_UISupportedInterfaceOrientations_iPhone = "UIInterfaceOrientationPortrait UIInterfaceOrientationLandscapeLeft UIInterfaceOrientationLandscapeRight";
				IPHONEOS_DEPLOYMENT_TARGET = 14.0;
				LD_RUNPATH_SEARCH_PATHS = (
					"$(inherited)",
					"@executable_path/Frameworks",
				);
				MARKETING_VERSION = 1.0;
				PRODUCT_BUNDLE_IDENTIFIER = animationSwiftUI.HomeApp;
				PRODUCT_NAME = HomeApp;
				SDKROOT = iphoneos;
				SWIFT_EMIT_LOC_STRINGS = YES;
				SWIFT_VERSION = 5.0;
				TARGETED_DEVICE_FAMILY = "1,2";
				VALIDATE_PRODUCT = YES;
			};
			name = Release;
		};
		5C97E4AF27536E6C0088D2EC /* Debug */ = {
			isa = XCBuildConfiguration;
			buildSettings = {
				ASSETCATALOG_COMPILER_APPICON_NAME = AppIcon;
				ASSETCATALOG_COMPILER_GLOBAL_ACCENT_COLOR_NAME = AccentColor;
				CODE_SIGN_ENTITLEMENTS = macOS/macOS.entitlements;
				CODE_SIGN_STYLE = Automatic;
				COMBINE_HIDPI_IMAGES = YES;
				CURRENT_PROJECT_VERSION = 1;
				ENABLE_PREVIEWS = YES;
				GENERATE_INFOPLIST_FILE = YES;
				INFOPLIST_KEY_NSHumanReadableCopyright = "";
				LD_RUNPATH_SEARCH_PATHS = (
					"$(inherited)",
					"@executable_path/../Frameworks",
				);
				MACOSX_DEPLOYMENT_TARGET = 11.0;
				MARKETING_VERSION = 1.0;
				PRODUCT_BUNDLE_IDENTIFIER = animationSwiftUI.HomeApp;
				PRODUCT_NAME = HomeApp;
				SDKROOT = macosx;
				SWIFT_EMIT_LOC_STRINGS = YES;
				SWIFT_VERSION = 5.0;
			};
			name = Debug;
		};
		5C97E4B027536E6C0088D2EC /* Release */ = {
			isa = XCBuildConfiguration;
			buildSettings = {
				ASSETCATALOG_COMPILER_APPICON_NAME = AppIcon;
				ASSETCATALOG_COMPILER_GLOBAL_ACCENT_COLOR_NAME = AccentColor;
				CODE_SIGN_ENTITLEMENTS = macOS/macOS.entitlements;
				CODE_SIGN_STYLE = Automatic;
				COMBINE_HIDPI_IMAGES = YES;
				CURRENT_PROJECT_VERSION = 1;
				ENABLE_PREVIEWS = YES;
				GENERATE_INFOPLIST_FILE = YES;
				INFOPLIST_KEY_NSHumanReadableCopyright = "";
				LD_RUNPATH_SEARCH_PATHS = (
					"$(inherited)",
					"@executable_path/../Frameworks",
				);
				MACOSX_DEPLOYMENT_TARGET = 11.0;
				MARKETING_VERSION = 1.0;
				PRODUCT_BUNDLE_IDENTIFIER = animationSwiftUI.HomeApp;
				PRODUCT_NAME = HomeApp;
				SDKROOT = macosx;
				SWIFT_EMIT_LOC_STRINGS = YES;
				SWIFT_VERSION = 5.0;
			};
			name = Release;
		};
/* End XCBuildConfiguration section */

/* Begin XCConfigurationList section */
		5C97E49127536E670088D2EC /* Build configuration list for PBXProject "HomeApp" */ = {
			isa = XCConfigurationList;
			buildConfigurations = (
				5C97E4A927536E6C0088D2EC /* Debug */,
				5C97E4AA27536E6C0088D2EC /* Release */,
			);
			defaultConfigurationIsVisible = 0;
			defaultConfigurationName = Release;
		};
		5C97E4AB27536E6C0088D2EC /* Build configuration list for PBXNativeTarget "HomeApp (iOS)" */ = {
			isa = XCConfigurationList;
			buildConfigurations = (
				5C97E4AC27536E6C0088D2EC /* Debug */,
				5C97E4AD27536E6C0088D2EC /* Release */,
			);
			defaultConfigurationIsVisible = 0;
			defaultConfigurationName = Release;
		};
		5C97E4AE27536E6C0088D2EC /* Build configuration list for PBXNativeTarget "HomeApp (macOS)" */ = {
			isa = XCConfigurationList;
			buildConfigurations = (
				5C97E4AF27536E6C0088D2EC /* Debug */,
				5C97E4B027536E6C0088D2EC /* Release */,
			);
			defaultConfigurationIsVisible = 0;
			defaultConfigurationName = Release;
		};
/* End XCConfigurationList section */
	};
	rootObject = 5C97E48E27536E670088D2EC /* Project object */;
}
